<Solution>
  <Folder Name="/src/">
    <Project Path="src/BestStories.Api/BestStories.Api.csproj" />
    <Project Path="src/BestStories.Core/BestStories.Core.csproj" />
    <Project Path="src/BestStories.Infrastructure/BestStories.Infrastructure.csproj" />
  </Folder>
  <Folder Name="/tests/">
    <Project Path="tests/BestStories.IntegrationTests/BestStories.IntegrationTests.csproj" />
    <Project Path="tests/BestStories.UnitTests/BestStories.UnitTests.csproj" />
  </Folder>
</Solution>
